// !$*UTF8*$!
{
	archiveVersion = 1;
	classes = {
	};
	objectVersion = 50;
	objects = {

/* Begin PBXBuildFile section */
		0D45B41320D46AF600587645 /* TutorialViewController.swift in Sources */ = {isa = PBXBuildFile; fileRef = 0D45B41220D46AF600587645 /* TutorialViewController.swift */; };
		0DCBC0CD20D4671F00FF6402 /* AppDelegate.swift in Sources */ = {isa = PBXBuildFile; fileRef = 0DCBC0CC20D4671F00FF6402 /* AppDelegate.swift */; };
		0DCBC0D220D4671F00FF6402 /* Main.storyboard in Resources */ = {isa = PBXBuildFile; fileRef = 0DCBC0D020D4671F00FF6402 /* Main.storyboard */; };
		0DCBC0D420D4672100FF6402 /* Assets.xcassets in Resources */ = {isa = PBXBuildFile; fileRef = 0DCBC0D320D4672100FF6402 /* Assets.xcassets */; };
		0DCBC0D720D4672100FF6402 /* LaunchScreen.storyboard in Resources */ = {isa = PBXBuildFile; fileRef = 0DCBC0D520D4672100FF6402 /* LaunchScreen.storyboard */; };
		0DCBC0E220D4672100FF6402 /* OctoPocusSwiftTests.swift in Sources */ = {isa = PBXBuildFile; fileRef = 0DCBC0E120D4672100FF6402 /* OctoPocusSwiftTests.swift */; };
		0DCBC0ED20D4672100FF6402 /* OctoPocusSwiftUITests.swift in Sources */ = {isa = PBXBuildFile; fileRef = 0DCBC0EC20D4672100FF6402 /* OctoPocusSwiftUITests.swift */; };
/* End PBXBuildFile section */

/* Begin PBXContainerItemProxy section */
		0DCBC0DE20D4672100FF6402 /* PBXContainerItemProxy */ = {
			isa = PBXContainerItemProxy;
			containerPortal = 0DCBC0C120D4671E00FF6402 /* Project object */;
			proxyType = 1;
			remoteGlobalIDString = 0DCBC0C820D4671F00FF6402;
			remoteInfo = OctoPocusSwift;
		};
		0DCBC0E920D4672100FF6402 /* PBXContainerItemProxy */ = {
			isa = PBXContainerItemProxy;
			containerPortal = 0DCBC0C120D4671E00FF6402 /* Project object */;
			proxyType = 1;
			remoteGlobalIDString = 0DCBC0C820D4671F00FF6402;
			remoteInfo = OctoPocusSwift;
		};
/* End PBXContainerItemProxy section */

/* Begin PBXFileReference section */
		0D45B41220D46AF600587645 /* TutorialViewController.swift */ = {isa = PBXFileReference; lastKnownFileType = sourcecode.swift; path = TutorialViewController.swift; sourceTree = "<group>"; };
		0DCBC0C920D4671F00FF6402 /* OctoPocusSwift.app */ = {isa = PBXFileReference; explicitFileType = wrapper.application; includeInIndex = 0; path = OctoPocusSwift.app; sourceTree = BUILT_PRODUCTS_DIR; };
		0DCBC0CC20D4671F00FF6402 /* AppDelegate.swift */ = {isa = PBXFileReference; lastKnownFileType = sourcecode.swift; path = AppDelegate.swift; sourceTree = "<group>"; };
		0DCBC0D120D4671F00FF6402 /* Base */ = {isa = PBXFileReference; lastKnownFileType = file.storyboard; name = Base; path = Base.lproj/Main.storyboard; sourceTree = "<group>"; };
		0DCBC0D320D4672100FF6402 /* Assets.xcassets */ = {isa = PBXFileReference; lastKnownFileType = folder.assetcatalog; path = Assets.xcassets; sourceTree = "<group>"; };
		0DCBC0D620D4672100FF6402 /* Base */ = {isa = PBXFileReference; lastKnownFileType = file.storyboard; name = Base; path = Base.lproj/LaunchScreen.storyboard; sourceTree = "<group>"; };
		0DCBC0D820D4672100FF6402 /* Info.plist */ = {isa = PBXFileReference; lastKnownFileType = text.plist.xml; path = Info.plist; sourceTree = "<group>"; };
		0DCBC0DD20D4672100FF6402 /* OctoPocusSwiftTests.xctest */ = {isa = PBXFileReference; explicitFileType = wrapper.cfbundle; includeInIndex = 0; path = OctoPocusSwiftTests.xctest; sourceTree = BUILT_PRODUCTS_DIR; };
		0DCBC0E120D4672100FF6402 /* OctoPocusSwiftTests.swift */ = {isa = PBXFileReference; lastKnownFileType = sourcecode.swift; path = OctoPocusSwiftTests.swift; sourceTree = "<group>"; };
		0DCBC0E320D4672100FF6402 /* Info.plist */ = {isa = PBXFileReference; lastKnownFileType = text.plist.xml; path = Info.plist; sourceTree = "<group>"; };
		0DCBC0E820D4672100FF6402 /* OctoPocusSwiftUITests.xctest */ = {isa = PBXFileReference; explicitFileType = wrapper.cfbundle; includeInIndex = 0; path = OctoPocusSwiftUITests.xctest; sourceTree = BUILT_PRODUCTS_DIR; };
		0DCBC0EC20D4672100FF6402 /* OctoPocusSwiftUITests.swift */ = {isa = PBXFileReference; lastKnownFileType = sourcecode.swift; path = OctoPocusSwiftUITests.swift; sourceTree = "<group>"; };
		0DCBC0EE20D4672100FF6402 /* Info.plist */ = {isa = PBXFileReference; lastKnownFileType = text.plist.xml; path = Info.plist; sourceTree = "<group>"; };
/* End PBXFileReference section */

/* Begin PBXFrameworksBuildPhase section */
		0DCBC0C620D4671F00FF6402 /* Frameworks */ = {
			isa = PBXFrameworksBuildPhase;
			buildActionMask = 2147483647;
			files = (
			);
			runOnlyForDeploymentPostprocessing = 0;
		};
		0DCBC0DA20D4672100FF6402 /* Frameworks */ = {
			isa = PBXFrameworksBuildPhase;
			buildActionMask = 2147483647;
			files = (
			);
			runOnlyForDeploymentPostprocessing = 0;
		};
		0DCBC0E520D4672100FF6402 /* Frameworks */ = {
			isa = PBXFrameworksBuildPhase;
			buildActionMask = 2147483647;
			files = (
			);
			runOnlyForDeploymentPostprocessing = 0;
		};
/* End PBXFrameworksBuildPhase section */

/* Begin PBXGroup section */
		0D45B41520D46B0E00587645 /* View */ = {
			isa = PBXGroup;
			children = (
				0DCBC0D020D4671F00FF6402 /* Main.storyboard */,
			);
			path = View;
			sourceTree = "<group>";
		};
		0D45B41620D46B1A00587645 /* Controller */ = {
			isa = PBXGroup;
			children = (
				0D45B41220D46AF600587645 /* TutorialViewController.swift */,
			);
			path = Controller;
			sourceTree = "<group>";
		};
		0DCBC0C020D4671E00FF6402 = {
			isa = PBXGroup;
			children = (
				0DCBC0CB20D4671F00FF6402 /* OctoPocusSwift */,
				0DCBC0E020D4672100FF6402 /* OctoPocusSwiftTests */,
				0DCBC0EB20D4672100FF6402 /* OctoPocusSwiftUITests */,
				0DCBC0CA20D4671F00FF6402 /* Products */,
			);
			sourceTree = "<group>";
		};
		0DCBC0CA20D4671F00FF6402 /* Products */ = {
			isa = PBXGroup;
			children = (
				0DCBC0C920D4671F00FF6402 /* OctoPocusSwift.app */,
				0DCBC0DD20D4672100FF6402 /* OctoPocusSwiftTests.xctest */,
				0DCBC0E820D4672100FF6402 /* OctoPocusSwiftUITests.xctest */,
			);
			name = Products;
			sourceTree = "<group>";
		};
		0DCBC0CB20D4671F00FF6402 /* OctoPocusSwift */ = {
			isa = PBXGroup;
			children = (
				0D45B41620D46B1A00587645 /* Controller */,
				0D45B41520D46B0E00587645 /* View */,
				0DCBC0CC20D4671F00FF6402 /* AppDelegate.swift */,
				0DCBC0D320D4672100FF6402 /* Assets.xcassets */,
				0DCBC0D520D4672100FF6402 /* LaunchScreen.storyboard */,
				0DCBC0D820D4672100FF6402 /* Info.plist */,
			);
			path = OctoPocusSwift;
			sourceTree = "<group>";
		};
		0DCBC0E020D4672100FF6402 /* OctoPocusSwiftTests */ = {
			isa = PBXGroup;
			children = (
				0DCBC0E120D4672100FF6402 /* OctoPocusSwiftTests.swift */,
				0DCBC0E320D4672100FF6402 /* Info.plist */,
			);
			path = OctoPocusSwiftTests;
			sourceTree = "<group>";
		};
		0DCBC0EB20D4672100FF6402 /* OctoPocusSwiftUITests */ = {
			isa = PBXGroup;
			children = (
				0DCBC0EC20D4672100FF6402 /* OctoPocusSwiftUITests.swift */,
				0DCBC0EE20D4672100FF6402 /* Info.plist */,
			);
			path = OctoPocusSwiftUITests;
			sourceTree = "<group>";
		};
/* End PBXGroup section */

/* Begin PBXNativeTarget section */
		0DCBC0C820D4671F00FF6402 /* OctoPocusSwift */ = {
			isa = PBXNativeTarget;
			buildConfigurationList = 0DCBC0F120D4672100FF6402 /* Build configuration list for PBXNativeTarget "OctoPocusSwift" */;
			buildPhases = (
				0DCBC0C520D4671F00FF6402 /* Sources */,
				0DCBC0C620D4671F00FF6402 /* Frameworks */,
				0DCBC0C720D4671F00FF6402 /* Resources */,
			);
			buildRules = (
			);
			dependencies = (
			);
			name = OctoPocusSwift;
			productName = OctoPocusSwift;
			productReference = 0DCBC0C920D4671F00FF6402 /* OctoPocusSwift.app */;
			productType = "com.apple.product-type.application";
		};
		0DCBC0DC20D4672100FF6402 /* OctoPocusSwiftTests */ = {
			isa = PBXNativeTarget;
			buildConfigurationList = 0DCBC0F420D4672100FF6402 /* Build configuration list for PBXNativeTarget "OctoPocusSwiftTests" */;
			buildPhases = (
				0DCBC0D920D4672100FF6402 /* Sources */,
				0DCBC0DA20D4672100FF6402 /* Frameworks */,
				0DCBC0DB20D4672100FF6402 /* Resources */,
			);
			buildRules = (
			);
			dependencies = (
				0DCBC0DF20D4672100FF6402 /* PBXTargetDependency */,
			);
			name = OctoPocusSwiftTests;
			productName = OctoPocusSwiftTests;
			productReference = 0DCBC0DD20D4672100FF6402 /* OctoPocusSwiftTests.xctest */;
			productType = "com.apple.product-type.bundle.unit-test";
		};
		0DCBC0E720D4672100FF6402 /* OctoPocusSwiftUITests */ = {
			isa = PBXNativeTarget;
			buildConfigurationList = 0DCBC0F720D4672100FF6402 /* Build configuration list for PBXNativeTarget "OctoPocusSwiftUITests" */;
			buildPhases = (
				0DCBC0E420D4672100FF6402 /* Sources */,
				0DCBC0E520D4672100FF6402 /* Frameworks */,
				0DCBC0E620D4672100FF6402 /* Resources */,
			);
			buildRules = (
			);
			dependencies = (
				0DCBC0EA20D4672100FF6402 /* PBXTargetDependency */,
			);
			name = OctoPocusSwiftUITests;
			productName = OctoPocusSwiftUITests;
			productReference = 0DCBC0E820D4672100FF6402 /* OctoPocusSwiftUITests.xctest */;
			productType = "com.apple.product-type.bundle.ui-testing";
		};
/* End PBXNativeTarget section */

/* Begin PBXProject section */
		0DCBC0C120D4671E00FF6402 /* Project object */ = {
			isa = PBXProject;
			attributes = {
				LastSwiftUpdateCheck = 0940;
				LastUpgradeCheck = 0940;
				ORGANIZATIONNAME = urjhams;
				TargetAttributes = {
					0DCBC0C820D4671F00FF6402 = {
						CreatedOnToolsVersion = 9.4.1;
					};
					0DCBC0DC20D4672100FF6402 = {
						CreatedOnToolsVersion = 9.4.1;
						TestTargetID = 0DCBC0C820D4671F00FF6402;
					};
					0DCBC0E720D4672100FF6402 = {
						CreatedOnToolsVersion = 9.4.1;
						TestTargetID = 0DCBC0C820D4671F00FF6402;
					};
				};
			};
			buildConfigurationList = 0DCBC0C420D4671E00FF6402 /* Build configuration list for PBXProject "OctoPocusSwift" */;
			compatibilityVersion = "Xcode 9.3";
			developmentRegion = en;
			hasScannedForEncodings = 0;
			knownRegions = (
				en,
				Base,
			);
			mainGroup = 0DCBC0C020D4671E00FF6402;
			productRefGroup = 0DCBC0CA20D4671F00FF6402 /* Products */;
			projectDirPath = "";
			projectRoot = "";
			targets = (
				0DCBC0C820D4671F00FF6402 /* OctoPocusSwift */,
				0DCBC0DC20D4672100FF6402 /* OctoPocusSwiftTests */,
				0DCBC0E720D4672100FF6402 /* OctoPocusSwiftUITests */,
			);
		};
/* End PBXProject section */

/* Begin PBXResourcesBuildPhase section */
		0DCBC0C720D4671F00FF6402 /* Resources */ = {
			isa = PBXResourcesBuildPhase;
			buildActionMask = 2147483647;
			files = (
				0DCBC0D720D4672100FF6402 /* LaunchScreen.storyboard in Resources */,
				0DCBC0D420D4672100FF6402 /* Assets.xcassets in Resources */,
				0DCBC0D220D4671F00FF6402 /* Main.storyboard in Resources */,
			);
			runOnlyForDeploymentPostprocessing = 0;
		};
		0DCBC0DB20D4672100FF6402 /* Resources */ = {
			isa = PBXResourcesBuildPhase;
			buildActionMask = 2147483647;
			files = (
			);
			runOnlyForDeploymentPostprocessing = 0;
		};
		0DCBC0E620D4672100FF6402 /* Resources */ = {
			isa = PBXResourcesBuildPhase;
			buildActionMask = 2147483647;
			files = (
			);
			runOnlyForDeploymentPostprocessing = 0;
		};
/* End PBXResourcesBuildPhase section */

/* Begin PBXSourcesBuildPhase section */
		0DCBC0C520D4671F00FF6402 /* Sources */ = {
			isa = PBXSourcesBuildPhase;
			buildActionMask = 2147483647;
			files = (
				0D45B41320D46AF600587645 /* TutorialViewController.swift in Sources */,
				0DCBC0CD20D4671F00FF6402 /* AppDelegate.swift in Sources */,
			);
			runOnlyForDeploymentPostprocessing = 0;
		};
		0DCBC0D920D4672100FF6402 /* Sources */ = {
			isa = PBXSourcesBuildPhase;
			buildActionMask = 2147483647;
			files = (
				0DCBC0E220D4672100FF6402 /* OctoPocusSwiftTests.swift in Sources */,
			);
			runOnlyForDeploymentPostprocessing = 0;
		};
		0DCBC0E420D4672100FF6402 /* Sources */ = {
			isa = PBXSourcesBuildPhase;
			buildActionMask = 2147483647;
			files = (
				0DCBC0ED20D4672100FF6402 /* OctoPocusSwiftUITests.swift in Sources */,
			);
			runOnlyForDeploymentPostprocessing = 0;
		};
/* End PBXSourcesBuildPhase section */

/* Begin PBXTargetDependency section */
		0DCBC0DF20D4672100FF6402 /* PBXTargetDependency */ = {
			isa = PBXTargetDependency;
			target = 0DCBC0C820D4671F00FF6402 /* OctoPocusSwift */;
			targetProxy = 0DCBC0DE20D4672100FF6402 /* PBXContainerItemProxy */;
		};
		0DCBC0EA20D4672100FF6402 /* PBXTargetDependency */ = {
			isa = PBXTargetDependency;
			target = 0DCBC0C820D4671F00FF6402 /* OctoPocusSwift */;
			targetProxy = 0DCBC0E920D4672100FF6402 /* PBXContainerItemProxy */;
		};
/* End PBXTargetDependency section */

/* Begin PBXVariantGroup section */
		0DCBC0D020D4671F00FF6402 /* Main.storyboard */ = {
			isa = PBXVariantGroup;
			children = (
				0DCBC0D120D4671F00FF6402 /* Base */,
			);
			name = Main.storyboard;
			sourceTree = "<group>";
		};
		0DCBC0D520D4672100FF6402 /* LaunchScreen.storyboard */ = {
			isa = PBXVariantGroup;
			children = (
				0DCBC0D620D4672100FF6402 /* Base */,
			);
			name = LaunchScreen.storyboard;
			sourceTree = "<group>";
		};
/* End PBXVariantGroup section */

/* Begin XCBuildConfiguration section */
		0DCBC0EF20D4672100FF6402 /* Debug */ = {
			isa = XCBuildConfiguration;
			buildSettings = {
				ALWAYS_SEARCH_USER_PATHS = NO;
				CLANG_ANALYZER_NONNULL = YES;
				CLANG_ANALYZER_NUMBER_OBJECT_CONVERSION = YES_AGGRESSIVE;
				CLANG_CXX_LANGUAGE_STANDARD = "gnu++14";
				CLANG_CXX_LIBRARY = "libc++";
				CLANG_ENABLE_MODULES = YES;
				CLANG_ENABLE_OBJC_ARC = YES;
				CLANG_ENABLE_OBJC_WEAK = YES;
				CLANG_WARN_BLOCK_CAPTURE_AUTORELEASING = YES;
				CLANG_WARN_BOOL_CONVERSION = YES;
				CLANG_WARN_COMMA = YES;
				CLANG_WARN_CONSTANT_CONVERSION = YES;
				CLANG_WARN_DEPRECATED_OBJC_IMPLEMENTATIONS = YES;
				CLANG_WARN_DIRECT_OBJC_ISA_USAGE = YES_ERROR;
				CLANG_WARN_DOCUMENTATION_COMMENTS = YES;
				CLANG_WARN_EMPTY_BODY = YES;
				CLANG_WARN_ENUM_CONVERSION = YES;
				CLANG_WARN_INFINITE_RECURSION = YES;
				CLANG_WARN_INT_CONVERSION = YES;
				CLANG_WARN_NON_LITERAL_NULL_CONVERSION = YES;
				CLANG_WARN_OBJC_IMPLICIT_RETAIN_SELF = YES;
				CLANG_WARN_OBJC_LITERAL_CONVERSION = YES;
				CLANG_WARN_OBJC_ROOT_CLASS = YES_ERROR;
				CLANG_WARN_RANGE_LOOP_ANALYSIS = YES;
				CLANG_WARN_STRICT_PROTOTYPES = YES;
				CLANG_WARN_SUSPICIOUS_MOVE = YES;
				CLANG_WARN_UNGUARDED_AVAILABILITY = YES_AGGRESSIVE;
				CLANG_WARN_UNREACHABLE_CODE = YES;
				CLANG_WARN__DUPLICATE_METHOD_MATCH = YES;
				CODE_SIGN_IDENTITY = "iPhone Developer";
				COPY_PHASE_STRIP = NO;
				DEBUG_INFORMATION_FORMAT = dwarf;
				ENABLE_STRICT_OBJC_MSGSEND = YES;
				ENABLE_TESTABILITY = YES;
				GCC_C_LANGUAGE_STANDARD = gnu11;
				GCC_DYNAMIC_NO_PIC = NO;
				GCC_NO_COMMON_BLOCKS = YES;
				GCC_OPTIMIZATION_LEVEL = 0;
				GCC_PREPROCESSOR_DEFINITIONS = (
					"DEBUG=1",
					"$(inherited)",
				);
				GCC_WARN_64_TO_32_BIT_CONVERSION = YES;
				GCC_WARN_ABOUT_RETURN_TYPE = YES_ERROR;
				GCC_WARN_UNDECLARED_SELECTOR = YES;
				GCC_WARN_UNINITIALIZED_AUTOS = YES_AGGRESSIVE;
				GCC_WARN_UNUSED_FUNCTION = YES;
				GCC_WARN_UNUSED_VARIABLE = YES;
				IPHONEOS_DEPLOYMENT_TARGET = 11.4;
				MTL_ENABLE_DEBUG_INFO = YES;
				ONLY_ACTIVE_ARCH = YES;
				SDKROOT = iphoneos;
				SWIFT_ACTIVE_COMPILATION_CONDITIONS = DEBUG;
				SWIFT_OPTIMIZATION_LEVEL = "-Onone";
			};
			name = Debug;
		};
		0DCBC0F020D4672100FF6402 /* Release */ = {
			isa = XCBuildConfiguration;
			buildSettings = {
				ALWAYS_SEARCH_USER_PATHS = NO;
				CLANG_ANALYZER_NONNULL = YES;
				CLANG_ANALYZER_NUMBER_OBJECT_CONVERSION = YES_AGGRESSIVE;
				CLANG_CXX_LANGUAGE_STANDARD = "gnu++14";
				CLANG_CXX_LIBRARY = "libc++";
				CLANG_ENABLE_MODULES = YES;
				CLANG_ENABLE_OBJC_ARC = YES;
				CLANG_ENABLE_OBJC_WEAK = YES;
				CLANG_WARN_BLOCK_CAPTURE_AUTORELEASING = YES;
				CLANG_WARN_BOOL_CONVERSION = YES;
				CLANG_WARN_COMMA = YES;
				CLANG_WARN_CONSTANT_CONVERSION = YES;
				CLANG_WARN_DEPRECATED_OBJC_IMPLEMENTATIONS = YES;
				CLANG_WARN_DIRECT_OBJC_ISA_USAGE = YES_ERROR;
				CLANG_WARN_DOCUMENTATION_COMMENTS = YES;
				CLANG_WARN_EMPTY_BODY = YES;
				CLANG_WARN_ENUM_CONVERSION = YES;
				CLANG_WARN_INFINITE_RECURSION = YES;
				CLANG_WARN_INT_CONVERSION = YES;
				CLANG_WARN_NON_LITERAL_NULL_CONVERSION = YES;
				CLANG_WARN_OBJC_IMPLICIT_RETAIN_SELF = YES;
				CLANG_WARN_OBJC_LITERAL_CONVERSION = YES;
				CLANG_WARN_OBJC_ROOT_CLASS = YES_ERROR;
				CLANG_WARN_RANGE_LOOP_ANALYSIS = YES;
				CLANG_WARN_STRICT_PROTOTYPES = YES;
				CLANG_WARN_SUSPICIOUS_MOVE = YES;
				CLANG_WARN_UNGUARDED_AVAILABILITY = YES_AGGRESSIVE;
				CLANG_WARN_UNREACHABLE_CODE = YES;
				CLANG_WARN__DUPLICATE_METHOD_MATCH = YES;
				CODE_SIGN_IDENTITY = "iPhone Developer";
				COPY_PHASE_STRIP = NO;
				DEBUG_INFORMATION_FORMAT = "dwarf-with-dsym";
				ENABLE_NS_ASSERTIONS = NO;
				ENABLE_STRICT_OBJC_MSGSEND = YES;
				GCC_C_LANGUAGE_STANDARD = gnu11;
				GCC_NO_COMMON_BLOCKS = YES;
				GCC_WARN_64_TO_32_BIT_CONVERSION = YES;
				GCC_WARN_ABOUT_RETURN_TYPE = YES_ERROR;
				GCC_WARN_UNDECLARED_SELECTOR = YES;
				GCC_WARN_UNINITIALIZED_AUTOS = YES_AGGRESSIVE;
				GCC_WARN_UNUSED_FUNCTION = YES;
				GCC_WARN_UNUSED_VARIABLE = YES;
				IPHONEOS_DEPLOYMENT_TARGET = 11.4;
				MTL_ENABLE_DEBUG_INFO = NO;
				SDKROOT = iphoneos;
				SWIFT_COMPILATION_MODE = wholemodule;
				SWIFT_OPTIMIZATION_LEVEL = "-O";
				VALIDATE_PRODUCT = YES;
			};
			name = Release;
		};
		0DCBC0F220D4672100FF6402 /* Debug */ = {
			isa = XCBuildConfiguration;
			buildSettings = {
				ASSETCATALOG_COMPILER_APPICON_NAME = AppIcon;
				CODE_SIGN_STYLE = Automatic;
				DEVELOPMENT_TEAM = TX9R26AVUZ;
				INFOPLIST_FILE = OctoPocusSwift/Info.plist;
				IPHONEOS_DEPLOYMENT_TARGET = 11.0;
				LD_RUNPATH_SEARCH_PATHS = (
					"$(inherited)",
					"@executable_path/Frameworks",
				);
				PRODUCT_BUNDLE_IDENTIFIER = self.OctoPocusSwift;
				PRODUCT_NAME = "$(TARGET_NAME)";
				SWIFT_VERSION = 4.0;
				TARGETED_DEVICE_FAMILY = "1,2";
			};
			name = Debug;
		};
		0DCBC0F320D4672100FF6402 /* Release */ = {
			isa = XCBuildConfiguration;
			buildSettings = {
				ASSETCATALOG_COMPILER_APPICON_NAME = AppIcon;
				CODE_SIGN_STYLE = Automatic;
				DEVELOPMENT_TEAM = TX9R26AVUZ;
				INFOPLIST_FILE = OctoPocusSwift/Info.plist;
				IPHONEOS_DEPLOYMENT_TARGET = 11.0;
				LD_RUNPATH_SEARCH_PATHS = (
					"$(inherited)",
					"@executable_path/Frameworks",
				);
				PRODUCT_BUNDLE_IDENTIFIER = self.OctoPocusSwift;
				PRODUCT_NAME = "$(TARGET_NAME)";
				SWIFT_VERSION = 4.0;
				TARGETED_DEVICE_FAMILY = "1,2";
			};
			name = Release;
		};
		0DCBC0F520D4672100FF6402 /* Debug */ = {
			isa = XCBuildConfiguration;
			buildSettings = {
				ALWAYS_EMBED_SWIFT_STANDARD_LIBRARIES = YES;
				BUNDLE_LOADER = "$(TEST_HOST)";
				CODE_SIGN_STYLE = Automatic;
				DEVELOPMENT_TEAM = TX9R26AVUZ;
				INFOPLIST_FILE = OctoPocusSwiftTests/Info.plist;
				LD_RUNPATH_SEARCH_PATHS = (
					"$(inherited)",
					"@executable_path/Frameworks",
					"@loader_path/Frameworks",
				);
				PRODUCT_BUNDLE_IDENTIFIER = self.OctoPocusSwiftTests;
				PRODUCT_NAME = "$(TARGET_NAME)";
				SWIFT_VERSION = 4.0;
				TARGETED_DEVICE_FAMILY = "1,2";
				TEST_HOST = "$(BUILT_PRODUCTS_DIR)/OctoPocusSwift.app/OctoPocusSwift";
			};
			name = Debug;
		};
		0DCBC0F620D4672100FF6402 /* Release */ = {
			isa = XCBuildConfiguration;
			buildSettings = {
				ALWAYS_EMBED_SWIFT_STANDARD_LIBRARIES = YES;
				BUNDLE_LOADER = "$(TEST_HOST)";
				CODE_SIGN_STYLE = Automatic;
				DEVELOPMENT_TEAM = TX9R26AVUZ;
				INFOPLIST_FILE = OctoPocusSwiftTests/Info.plist;
				LD_RUNPATH_SEARCH_PATHS = (
					"$(inherited)",
					"@executable_path/Frameworks",
					"@loader_path/Frameworks",
				);
				PRODUCT_BUNDLE_IDENTIFIER = self.OctoPocusSwiftTests;
				PRODUCT_NAME = "$(TARGET_NAME)";
				SWIFT_VERSION = 4.0;
				TARGETED_DEVICE_FAMILY = "1,2";
				TEST_HOST = "$(BUILT_PRODUCTS_DIR)/OctoPocusSwift.app/OctoPocusSwift";
			};
			name = Release;
		};
		0DCBC0F820D4672100FF6402 /* Debug */ = {
			isa = XCBuildConfiguration;
			buildSettings = {
				ALWAYS_EMBED_SWIFT_STANDARD_LIBRARIES = YES;
				CODE_SIGN_STYLE = Automatic;
				DEVELOPMENT_TEAM = TX9R26AVUZ;
				INFOPLIST_FILE = OctoPocusSwiftUITests/Info.plist;
				LD_RUNPATH_SEARCH_PATHS = (
					"$(inherited)",
					"@executable_path/Frameworks",
					"@loader_path/Frameworks",
				);
				PRODUCT_BUNDLE_IDENTIFIER = self.OctoPocusSwiftUITests;
				PRODUCT_NAME = "$(TARGET_NAME)";
				SWIFT_VERSION = 4.0;
				TARGETED_DEVICE_FAMILY = "1,2";
				TEST_TARGET_NAME = OctoPocusSwift;
			};
			name = Debug;
		};
		0DCBC0F920D4672100FF6402 /* Release */ = {
			isa = XCBuildConfiguration;
			buildSettings = {
				ALWAYS_EMBED_SWIFT_STANDARD_LIBRARIES = YES;
				CODE_SIGN_STYLE = Automatic;
				DEVELOPMENT_TEAM = TX9R26AVUZ;
				INFOPLIST_FILE = OctoPocusSwiftUITests/Info.plist;
				LD_RUNPATH_SEARCH_PATHS = (
					"$(inherited)",
					"@executable_path/Frameworks",
					"@loader_path/Frameworks",
				);
				PRODUCT_BUNDLE_IDENTIFIER = self.OctoPocusSwiftUITests;
				PRODUCT_NAME = "$(TARGET_NAME)";
				SWIFT_VERSION = 4.0;
				TARGETED_DEVICE_FAMILY = "1,2";
				TEST_TARGET_NAME = OctoPocusSwift;
			};
			name = Release;
		};
/* End XCBuildConfiguration section */

/* Begin XCConfigurationList section */
		0DCBC0C420D4671E00FF6402 /* Build configuration list for PBXProject "OctoPocusSwift" */ = {
			isa = XCConfigurationList;
			buildConfigurations = (
				0DCBC0EF20D4672100FF6402 /* Debug */,
				0DCBC0F020D4672100FF6402 /* Release */,
			);
			defaultConfigurationIsVisible = 0;
			defaultConfigurationName = Release;
		};
		0DCBC0F120D4672100FF6402 /* Build configuration list for PBXNativeTarget "OctoPocusSwift" */ = {
			isa = XCConfigurationList;
			buildConfigurations = (
				0DCBC0F220D4672100FF6402 /* Debug */,
				0DCBC0F320D4672100FF6402 /* Release */,
			);
			defaultConfigurationIsVisible = 0;
			defaultConfigurationName = Release;
		};
		0DCBC0F420D4672100FF6402 /* Build configuration list for PBXNativeTarget "OctoPocusSwiftTests" */ = {
			isa = XCConfigurationList;
			buildConfigurations = (
				0DCBC0F520D4672100FF6402 /* Debug */,
				0DCBC0F620D4672100FF6402 /* Release */,
			);
			defaultConfigurationIsVisible = 0;
			defaultConfigurationName = Release;
		};
		0DCBC0F720D4672100FF6402 /* Build configuration list for PBXNativeTarget "OctoPocusSwiftUITests" */ = {
			isa = XCConfigurationList;
			buildConfigurations = (
				0DCBC0F820D4672100FF6402 /* Debug */,
				0DCBC0F920D4672100FF6402 /* Release */,
			);
			defaultConfigurationIsVisible = 0;
			defaultConfigurationName = Release;
		};
/* End XCConfigurationList section */
	};
	rootObject = 0DCBC0C120D4671E00FF6402 /* Project object */;
}
